
Microsoft Visual Studio Solution File, Format Version 12.00
# Visual Studio Version 17
VisualStudioVersion = 17.2.32516.85
MinimumVisualStudioVersion = 10.0.40219.1
Project("{8BC9CEB8-8B4A-11D0-8D11-00A0C91BC942}") = "d2k", "d2k\d2k.vcxproj", "{F67D82B2-F06E-4ECE-A4F1-2F63433BBE2C}"
EndProject
Global
	GlobalSection(SolutionConfigurationPlatforms) = preSolution
		Debug|x64 = Debug|x64
		Debug|x86 = Debug|x86
		Release|x64 = Release|x64
		Release|x86 = Release|x86
	EndGlobalSection
	GlobalSection(ProjectConfigurationPlatforms) = postSolution
		{F67D82B2-F06E-4ECE-A4F1-2F63433BBE2C}.Debug|x64.ActiveCfg = Debug|x64
		{F67D82B2-F06E-4ECE-A4F1-2F63433BBE2C}.Debug|x64.Build.0 = Debug|x64
		{F67D82B2-F06E-4ECE-A4F1-2F63433BBE2C}.Debug|x86.ActiveCfg = Debug|Win32
		{F67D82B2-F06E-4ECE-A4F1-2F63433BBE2C}.Debug|x86.Build.0 = Debug|Win32
		{F67D82B2-F06E-4ECE-A4F1-2F63433BBE2C}.Release|x64.ActiveCfg = Release|x64
		{F67D82B2-F06E-4ECE-A4F1-2F63433BBE2C}.Release|x64.Build.0 = Release|x64
		{F67D82B2-F06E-4ECE-A4F1-2F63433BBE2C}.Release|x86.ActiveCfg = Release|Win32
		{F67D82B2-F06E-4ECE-A4F1-2F63433BBE2C}.Release|x86.Build.0 = Release|Win32
	EndGlobalSection
	GlobalSection(SolutionProperties) = preSolution
		HideSolutionNode = FALSE
	EndGlobalSection
	GlobalSection(ExtensibilityGlobals) = postSolution
		SolutionGuid = {CC5A8018-B964-4EC2-991F-96EFBBAFE3C3}
	EndGlobalSection
EndGlobal
